
Microsoft Visual Studio Solution File, Format Version 12.00
# Visual Studio 14
VisualStudioVersion = 14.0.25420.1
MinimumVisualStudioVersion = 10.0.40219.1
Project("{8BC9CEB8-8B4A-11D0-8D11-00A0C91BC942}") = "SALodLights", "SALodLights\SALodLights.vcxproj", "{7929C620-829C-4A98-9AC7-9578D8009C30}"
EndProject
Project("{8BC9CEB8-8B4A-11D0-8D11-00A0C91BC942}") = "VCLodLights", "VCLodLights\VCLodLights.vcxproj", "{EA7315B9-C110-4B2D-98D2-955D65CC4C20}"
EndProject
Project("{8BC9CEB8-8B4A-11D0-8D11-00A0C91BC942}") = "IIILodLights", "IIILodLights\IIILodLights.vcxproj", "{6ED8D974-2933-4DF0-9E64-4A6656BD29AE}"
EndProject
Project("{8BC9CEB8-8B4A-11D0-8D11-00A0C91BC942}") = "IVLodLights", "IVLodLights\IVLodLights.vcxproj", "{C6635A78-06E3-45B6-B2F8-47557753A614}"
EndProject
Project("{8BC9CEB8-8B4A-11D0-8D11-00A0C91BC942}") = "2DFXDataGrabber", "2DFXDataGrabber\2DFXDataGrabber.vcxproj", "{F8B89DD3-F127-474B-8CA8-81D276F651AD}"
EndProject
Global
	GlobalSection(SolutionConfigurationPlatforms) = preSolution
		Debug|x64 = Debug|x64
		Debug|x86 = Debug|x86
		Release|x64 = Release|x64
		Release|x86 = Release|x86
	EndGlobalSection
	GlobalSection(ProjectConfigurationPlatforms) = postSolution
		{7929C620-829C-4A98-9AC7-9578D8009C30}.Debug|x64.ActiveCfg = Debug|x64
		{7929C620-829C-4A98-9AC7-9578D8009C30}.Debug|x64.Build.0 = Debug|x64
		{7929C620-829C-4A98-9AC7-9578D8009C30}.Debug|x86.ActiveCfg = Debug|Win32
		{7929C620-829C-4A98-9AC7-9578D8009C30}.Debug|x86.Build.0 = Debug|Win32
		{7929C620-829C-4A98-9AC7-9578D8009C30}.Release|x64.ActiveCfg = Release|x64
		{7929C620-829C-4A98-9AC7-9578D8009C30}.Release|x64.Build.0 = Release|x64
		{7929C620-829C-4A98-9AC7-9578D8009C30}.Release|x86.ActiveCfg = Release|Win32
		{7929C620-829C-4A98-9AC7-9578D8009C30}.Release|x86.Build.0 = Release|Win32
		{EA7315B9-C110-4B2D-98D2-955D65CC4C20}.Debug|x64.ActiveCfg = Debug|x64
		{EA7315B9-C110-4B2D-98D2-955D65CC4C20}.Debug|x64.Build.0 = Debug|x64
		{EA7315B9-C110-4B2D-98D2-955D65CC4C20}.Debug|x86.ActiveCfg = Debug|Win32
		{EA7315B9-C110-4B2D-98D2-955D65CC4C20}.Debug|x86.Build.0 = Debug|Win32
		{EA7315B9-C110-4B2D-98D2-955D65CC4C20}.Release|x64.ActiveCfg = Release|x64
		{EA7315B9-C110-4B2D-98D2-955D65CC4C20}.Release|x64.Build.0 = Release|x64
		{EA7315B9-C110-4B2D-98D2-955D65CC4C20}.Release|x86.ActiveCfg = Release|Win32
		{EA7315B9-C110-4B2D-98D2-955D65CC4C20}.Release|x86.Build.0 = Release|Win32
		{6ED8D974-2933-4DF0-9E64-4A6656BD29AE}.Debug|x64.ActiveCfg = Debug|x64
		{6ED8D974-2933-4DF0-9E64-4A6656BD29AE}.Debug|x64.Build.0 = Debug|x64
		{6ED8D974-2933-4DF0-9E64-4A6656BD29AE}.Debug|x86.ActiveCfg = Debug|Win32
		{6ED8D974-2933-4DF0-9E64-4A6656BD29AE}.Debug|x86.Build.0 = Debug|Win32
		{6ED8D974-2933-4DF0-9E64-4A6656BD29AE}.Release|x64.ActiveCfg = Release|x64
		{6ED8D974-2933-4DF0-9E64-4A6656BD29AE}.Release|x64.Build.0 = Release|x64
		{6ED8D974-2933-4DF0-9E64-4A6656BD29AE}.Release|x86.ActiveCfg = Release|Win32
		{6ED8D974-2933-4DF0-9E64-4A6656BD29AE}.Release|x86.Build.0 = Release|Win32
		{C6635A78-06E3-45B6-B2F8-47557753A614}.Debug|x64.ActiveCfg = Debug|x64
		{C6635A78-06E3-45B6-B2F8-47557753A614}.Debug|x64.Build.0 = Debug|x64
		{C6635A78-06E3-45B6-B2F8-47557753A614}.Debug|x86.ActiveCfg = Debug|Win32
		{C6635A78-06E3-45B6-B2F8-47557753A614}.Debug|x86.Build.0 = Debug|Win32
		{C6635A78-06E3-45B6-B2F8-47557753A614}.Release|x64.ActiveCfg = Release|x64
		{C6635A78-06E3-45B6-B2F8-47557753A614}.Release|x64.Build.0 = Release|x64
		{C6635A78-06E3-45B6-B2F8-47557753A614}.Release|x86.ActiveCfg = Release|Win32
		{C6635A78-06E3-45B6-B2F8-47557753A614}.Release|x86.Build.0 = Release|Win32
		{F8B89DD3-F127-474B-8CA8-81D276F651AD}.Debug|x64.ActiveCfg = Debug|x64
		{F8B89DD3-F127-474B-8CA8-81D276F651AD}.Debug|x64.Build.0 = Debug|x64
		{F8B89DD3-F127-474B-8CA8-81D276F651AD}.Debug|x86.ActiveCfg = Debug|Win32
		{F8B89DD3-F127-474B-8CA8-81D276F651AD}.Debug|x86.Build.0 = Debug|Win32
		{F8B89DD3-F127-474B-8CA8-81D276F651AD}.Release|x64.ActiveCfg = Release|x64
		{F8B89DD3-F127-474B-8CA8-81D276F651AD}.Release|x64.Build.0 = Release|x64
		{F8B89DD3-F127-474B-8CA8-81D276F651AD}.Release|x86.ActiveCfg = Release|Win32
		{F8B89DD3-F127-474B-8CA8-81D276F651AD}.Release|x86.Build.0 = Release|Win32
	EndGlobalSection
	GlobalSection(SolutionProperties) = preSolution
		HideSolutionNode = FALSE
	EndGlobalSection
EndGlobal
